{
    "requires": true,
    "lockfileVersion": 1,
    "dependencies": {
        "cities.json": {
            "version": "1.1.13",
            "resolved": "https://registry.npmjs.org/cities.json/-/cities.json-1.1.13.tgz",
            "integrity": "sha512-MFbP+EF1HoqwqV9/q7IXL6XxgUfzxT4Fu8wmIHO4xRV/liJIgKnNK/XKOoWNq9I48JfkYXi8qcj28w+2o6/uWw=="
        },
        "jquery": {
            "version": "3.6.1",
            "resolved": "https://registry.npmjs.org/jquery/-/jquery-3.6.1.tgz",
            "integrity": "sha512-opJeO4nCucVnsjiXOE+/PcCgYw9Gwpvs/a6B1LL/lQhwWwpbVEVYDZ1FokFr8PRc7ghYlrFPuyHuiiDNTQxmcw=="
        }
    }
}
